{
  "originHash" : "d81cc94195ac991fb140224d2d2b915afdcd277d8a1d6ea8b64ccd78b54b7daa",
  "pins" : [
    {
      "identity" : "commoncollection",
      "kind" : "remoteSourceControl",
      "location" : "https://github.com/Thomas1956/CommonCollection",
      "state" : {
        "branch" : "main",
        "revision" : "c2acd46fa4f582b429f0ea710c0282fe74db775d"
      }
    },
    {
      "identity" : "swift-syntax",
      "kind" : "remoteSourceControl",
      "location" : "https://github.com/swiftlang/swift-syntax.git",
      "state" : {
        "branch" : "main",
        "revision" : "996efe58bff528645fb8273d641d3d1e5e2a693b"
      }
    },
    {
      "identity" : "usefulextensions",
      "kind" : "remoteSourceControl",
      "location" : "https://github.com/Thomas1956/UsefulExtensions",
      "state" : {
        "branch" : "main",
        "revision" : "105248a3bcdc50d88b30508a9f4e0c1a3beaccb1"
      }
    }
  ],
  "version" : 3
}
