{
  "originHash" : "9c039cfa9b44db2e41e8d4bc2265ead0379f847736786f3180652f3e4c2bf732",
  "pins" : [
    {
      "identity" : "commoncollection",
      "kind" : "remoteSourceControl",
      "location" : "https://github.com/Thomas1956/CommonCollection",
      "state" : {
        "revision" : "d89a18bcadeb9920813f20e254e07206fb7ca9d1",
        "version" : "5.2.1"
      }
    },
    {
      "identity" : "swift-syntax",
      "kind" : "remoteSourceControl",
      "location" : "https://github.com/swiftlang/swift-syntax.git",
      "state" : {
        "revision" : "4799286537280063c85a32f09884cfbca301b1a1",
        "version" : "602.0.0"
      }
    },
    {
      "identity" : "usefulextensions",
      "kind" : "remoteSourceControl",
      "location" : "https://github.com/Thomas1956/UsefulExtensions.git",
      "state" : {
        "revision" : "f12a2eb1700171dedf1e6e7d65aaade9883910ab",
        "version" : "2.0.1"
      }
    }
  ],
  "version" : 3
}
