{
  "originHash" : "9c039cfa9b44db2e41e8d4bc2265ead0379f847736786f3180652f3e4c2bf732",
  "pins" : [
    {
      "identity" : "commoncollection",
      "kind" : "remoteSourceControl",
      "location" : "https://github.com/Thomas1956/CommonCollection",
      "state" : {
        "branch" : "main",
        "revision" : "26b04f403f73c3aa4b7ea2ad67e540027d0e5b4b"
      }
    },
    {
      "identity" : "swift-syntax",
      "kind" : "remoteSourceControl",
      "location" : "https://github.com/swiftlang/swift-syntax.git",
      "state" : {
        "branch" : "main",
        "revision" : "996efe58bff528645fb8273d641d3d1e5e2a693b"
      }
    },
    {
      "identity" : "usefulextensions",
      "kind" : "remoteSourceControl",
      "location" : "https://github.com/Thomas1956/UsefulExtensions",
      "state" : {
        "branch" : "main",
        "revision" : "105248a3bcdc50d88b30508a9f4e0c1a3beaccb1"
      }
    }
  ],
  "version" : 3
}
