// !$*UTF8*$!
{
	archiveVersion = 1;
	classes = {
	};
	objectVersion = 77;
	objects = {

/* Begin PBXBuildFile section */
		E90395462EDDE3B9001E660F /* MarkdownParser+Highlight.swift in Sources */ = {isa = PBXBuildFile; fileRef = E90395452EDDE3B9001E660F /* MarkdownParser+Highlight.swift */; };
		E90395482EDDE8BC001E660F /* IdentifierPalette.json in Resources */ = {isa = PBXBuildFile; fileRef = E90395472EDDE8BC001E660F /* IdentifierPalette.json */; };
		E90395542EDF9826001E660F /* SwiftParser in Frameworks */ = {isa = PBXBuildFile; productRef = E90395532EDF9826001E660F /* SwiftParser */; };
		E90395562EDF9826001E660F /* SwiftSyntax in Frameworks */ = {isa = PBXBuildFile; productRef = E90395552EDF9826001E660F /* SwiftSyntax */; };
		E903956B2EE04026001E660F /* CommonCollection in Frameworks */ = {isa = PBXBuildFile; productRef = E903956A2EE04026001E660F /* CommonCollection */; };
		E903956D2EE04037001E660F /* UsefulExtensions in Frameworks */ = {isa = PBXBuildFile; productRef = E903956C2EE04037001E660F /* UsefulExtensions */; };
		E92C9B142DDF1FD800750AB4 /* SettingsController.swift in Sources */ = {isa = PBXBuildFile; fileRef = E92C9B132DDF1FD800750AB4 /* SettingsController.swift */; };
		E92C9B162DDF4B4C00750AB4 /* SettingViewController+PDF.swift in Sources */ = {isa = PBXBuildFile; fileRef = E92C9B152DDF4B4C00750AB4 /* SettingViewController+PDF.swift */; };
		E93B3BAB2DE246A9007436C5 /* SettingViewController+BlockQuote.swift in Sources */ = {isa = PBXBuildFile; fileRef = E93B3BAA2DE246A9007436C5 /* SettingViewController+BlockQuote.swift */; };
		E949006E2DCA0ABE00DD7880 /* Markdown+Hyphenation.swift in Sources */ = {isa = PBXBuildFile; fileRef = E949006D2DCA0ABE00DD7880 /* Markdown+Hyphenation.swift */; };
		E94900892DCB99F600DD7880 /* NSTextTab.swift in Sources */ = {isa = PBXBuildFile; fileRef = E94900882DCB99F000DD7880 /* NSTextTab.swift */; };
		E949008C2DCCB49B00DD7880 /* CommonSplitViewController.swift in Sources */ = {isa = PBXBuildFile; fileRef = E949008B2DCCB49B00DD7880 /* CommonSplitViewController.swift */; };
		E949008E2DCCBAAC00DD7880 /* EditViewController.swift in Sources */ = {isa = PBXBuildFile; fileRef = E949008D2DCCBAAC00DD7880 /* EditViewController.swift */; };
		E94900A82DCE5C0E00DD7880 /* SettingViewController+Action.swift in Sources */ = {isa = PBXBuildFile; fileRef = E94900A52DCE5C0E00DD7880 /* SettingViewController+Action.swift */; };
		E94900A92DCE5C0E00DD7880 /* SettingViewController+DataSource.swift in Sources */ = {isa = PBXBuildFile; fileRef = E94900A72DCE5C0E00DD7880 /* SettingViewController+DataSource.swift */; };
		E94900AA2DCE5C0E00DD7880 /* SettingViewController.swift in Sources */ = {isa = PBXBuildFile; fileRef = E94900A42DCE5C0E00DD7880 /* SettingViewController.swift */; };
		E94900AB2DCE5C0E00DD7880 /* SettingViewController+Content.swift in Sources */ = {isa = PBXBuildFile; fileRef = E94900A62DCE5C0E00DD7880 /* SettingViewController+Content.swift */; };
		E94900B12DCE5E0400DD7880 /* Settings+PropertyReminder.swift in Sources */ = {isa = PBXBuildFile; fileRef = E94900B02DCE5E0400DD7880 /* Settings+PropertyReminder.swift */; };
		E94900B42DCE62BB00DD7880 /* CoreTextTableExample.xcdatamodeld in Sources */ = {isa = PBXBuildFile; fileRef = E94900B22DCE62BB00DD7880 /* CoreTextTableExample.xcdatamodeld */; };
		E952F0882DE0FA7A00F097EF /* SectionViewController+View.swift in Sources */ = {isa = PBXBuildFile; fileRef = E952F0872DE0FA7A00F097EF /* SectionViewController+View.swift */; };
		E9A940712DC4ECA6004501E6 /* Assets.xcassets in Resources */ = {isa = PBXBuildFile; fileRef = E9A9405C2DC4ECA6004501E6 /* Assets.xcassets */; };
		E9A940732DC4ECA6004501E6 /* LaunchScreen.storyboard in Resources */ = {isa = PBXBuildFile; fileRef = E9A940602DC4ECA6004501E6 /* LaunchScreen.storyboard */; };
		E9A940742DC4ECA6004501E6 /* Main.storyboard in Resources */ = {isa = PBXBuildFile; fileRef = E9A940622DC4ECA6004501E6 /* Main.storyboard */; };
		E9A940752DC4ECA6004501E6 /* Color.swift in Sources */ = {isa = PBXBuildFile; fileRef = E9A940582DC4ECA6004501E6 /* Color.swift */; };
		E9A940762DC4ECA6004501E6 /* String.swift in Sources */ = {isa = PBXBuildFile; fileRef = E9A940592DC4ECA6004501E6 /* String.swift */; };
		E9A940772DC4ECA6004501E6 /* AppDelegate.swift in Sources */ = {isa = PBXBuildFile; fileRef = E9A9405B2DC4ECA6004501E6 /* AppDelegate.swift */; };
		E9A940782DC4ECA6004501E6 /* CoreTextTableView.swift in Sources */ = {isa = PBXBuildFile; fileRef = E9A9405D2DC4ECA6004501E6 /* CoreTextTableView.swift */; };
		E9A940792DC4ECA6004501E6 /* MarkdownContentView.swift in Sources */ = {isa = PBXBuildFile; fileRef = E9A940632DC4ECA6004501E6 /* MarkdownContentView.swift */; };
		E9A9407A2DC4ECA6004501E6 /* MarkdownParser+AttributedString.swift in Sources */ = {isa = PBXBuildFile; fileRef = E9A940642DC4ECA6004501E6 /* MarkdownParser+AttributedString.swift */; };
		E9A9407B2DC4ECA6004501E6 /* MarkdownParser+BlockContent.swift in Sources */ = {isa = PBXBuildFile; fileRef = E9A940652DC4ECA6004501E6 /* MarkdownParser+BlockContent.swift */; };
		E9A9407C2DC4ECA6004501E6 /* MarkdownParser+BlockRenderer.swift in Sources */ = {isa = PBXBuildFile; fileRef = E9A940662DC4ECA6004501E6 /* MarkdownParser+BlockRenderer.swift */; };
		E9A9407D2DC4ECA6004501E6 /* MarkdownParser+Font.swift in Sources */ = {isa = PBXBuildFile; fileRef = E9A940672DC4ECA6004501E6 /* MarkdownParser+Font.swift */; };
		E9A9407E2DC4ECA6004501E6 /* MarkdownParser+ImageAttachment.swift in Sources */ = {isa = PBXBuildFile; fileRef = E9A940682DC4ECA6004501E6 /* MarkdownParser+ImageAttachment.swift */; };
		E9A9407F2DC4ECA6004501E6 /* MarkdownParser+PresentationIntent.swift in Sources */ = {isa = PBXBuildFile; fileRef = E9A940692DC4ECA6004501E6 /* MarkdownParser+PresentationIntent.swift */; };
		E9A940802DC4ECA6004501E6 /* MarkdownParser+Statics.swift in Sources */ = {isa = PBXBuildFile; fileRef = E9A9406A2DC4ECA6004501E6 /* MarkdownParser+Statics.swift */; };
		E9A940812DC4ECA6004501E6 /* MarkdownScrollView.swift in Sources */ = {isa = PBXBuildFile; fileRef = E9A9406B2DC4ECA6004501E6 /* MarkdownScrollView.swift */; };
		E9A940832DC4ECA6004501E6 /* MarkdownParser+NSAttributedString.swift in Sources */ = {isa = PBXBuildFile; fileRef = E9A9406D2DC4ECA6004501E6 /* MarkdownParser+NSAttributedString.swift */; };
		E9A940842DC4ECA6004501E6 /* SceneDelegate.swift in Sources */ = {isa = PBXBuildFile; fileRef = E9A9406E2DC4ECA6004501E6 /* SceneDelegate.swift */; };
		E9A940852DC4ECA6004501E6 /* MarkdownViewController.swift in Sources */ = {isa = PBXBuildFile; fileRef = E9A9406F2DC4ECA6004501E6 /* MarkdownViewController.swift */; };
		E9A940882DC4EE4D004501E6 /* MarkdownParser.swift in Sources */ = {isa = PBXBuildFile; fileRef = E9A940872DC4EE4D004501E6 /* MarkdownParser.swift */; };
/* End PBXBuildFile section */

/* Begin PBXContainerItemProxy section */
		E949007D2DCB7ECA00DD7880 /* PBXContainerItemProxy */ = {
			isa = PBXContainerItemProxy;
			containerPortal = E928C3892DBA315C006D071D /* Project object */;
			proxyType = 1;
			remoteGlobalIDString = E928C3902DBA315C006D071D;
			remoteInfo = CoreTextTableExample;
		};
/* End PBXContainerItemProxy section */

/* Begin PBXFileReference section */
		E90395452EDDE3B9001E660F /* MarkdownParser+Highlight.swift */ = {isa = PBXFileReference; lastKnownFileType = sourcecode.swift; path = "MarkdownParser+Highlight.swift"; sourceTree = "<group>"; };
		E90395472EDDE8BC001E660F /* IdentifierPalette.json */ = {isa = PBXFileReference; lastKnownFileType = text.json; path = IdentifierPalette.json; sourceTree = "<group>"; };
		E928C3912DBA315C006D071D /* CoreTextTableExample.app */ = {isa = PBXFileReference; explicitFileType = wrapper.application; includeInIndex = 0; path = CoreTextTableExample.app; sourceTree = BUILT_PRODUCTS_DIR; };
		E92C9B132DDF1FD800750AB4 /* SettingsController.swift */ = {isa = PBXFileReference; lastKnownFileType = sourcecode.swift; path = SettingsController.swift; sourceTree = "<group>"; };
		E92C9B152DDF4B4C00750AB4 /* SettingViewController+PDF.swift */ = {isa = PBXFileReference; lastKnownFileType = sourcecode.swift; path = "SettingViewController+PDF.swift"; sourceTree = "<group>"; };
		E93B3BAA2DE246A9007436C5 /* SettingViewController+BlockQuote.swift */ = {isa = PBXFileReference; lastKnownFileType = sourcecode.swift; path = "SettingViewController+BlockQuote.swift"; sourceTree = "<group>"; };
		E949006D2DCA0ABE00DD7880 /* Markdown+Hyphenation.swift */ = {isa = PBXFileReference; lastKnownFileType = sourcecode.swift; path = "Markdown+Hyphenation.swift"; sourceTree = "<group>"; };
		E94900792DCB7ECA00DD7880 /* HyphenTests.xctest */ = {isa = PBXFileReference; explicitFileType = wrapper.cfbundle; includeInIndex = 0; path = HyphenTests.xctest; sourceTree = BUILT_PRODUCTS_DIR; };
		E94900882DCB99F000DD7880 /* NSTextTab.swift */ = {isa = PBXFileReference; lastKnownFileType = sourcecode.swift; path = NSTextTab.swift; sourceTree = "<group>"; };
		E949008B2DCCB49B00DD7880 /* CommonSplitViewController.swift */ = {isa = PBXFileReference; lastKnownFileType = sourcecode.swift; path = CommonSplitViewController.swift; sourceTree = "<group>"; };
		E949008D2DCCBAAC00DD7880 /* EditViewController.swift */ = {isa = PBXFileReference; lastKnownFileType = sourcecode.swift; path = EditViewController.swift; sourceTree = "<group>"; };
		E94900A42DCE5C0E00DD7880 /* SettingViewController.swift */ = {isa = PBXFileReference; lastKnownFileType = sourcecode.swift; path = SettingViewController.swift; sourceTree = "<group>"; };
		E94900A52DCE5C0E00DD7880 /* SettingViewController+Action.swift */ = {isa = PBXFileReference; lastKnownFileType = sourcecode.swift; path = "SettingViewController+Action.swift"; sourceTree = "<group>"; };
		E94900A62DCE5C0E00DD7880 /* SettingViewController+Content.swift */ = {isa = PBXFileReference; lastKnownFileType = sourcecode.swift; path = "SettingViewController+Content.swift"; sourceTree = "<group>"; };
		E94900A72DCE5C0E00DD7880 /* SettingViewController+DataSource.swift */ = {isa = PBXFileReference; lastKnownFileType = sourcecode.swift; path = "SettingViewController+DataSource.swift"; sourceTree = "<group>"; };
		E94900B02DCE5E0400DD7880 /* Settings+PropertyReminder.swift */ = {isa = PBXFileReference; lastKnownFileType = sourcecode.swift; path = "Settings+PropertyReminder.swift"; sourceTree = "<group>"; };
		E94900B32DCE62BB00DD7880 /* CoreTextTableExample.xcdatamodel */ = {isa = PBXFileReference; lastKnownFileType = wrapper.xcdatamodel; path = CoreTextTableExample.xcdatamodel; sourceTree = "<group>"; };
		E94900B52DCE7D9200DD7880 /* de */ = {isa = PBXFileReference; lastKnownFileType = text.plist.strings; name = de; path = de.lproj/LaunchScreen.strings; sourceTree = "<group>"; };
		E94900B62DCE7D9200DD7880 /* de */ = {isa = PBXFileReference; lastKnownFileType = text.plist.strings; name = de; path = de.lproj/Main.strings; sourceTree = "<group>"; };
		E952F0872DE0FA7A00F097EF /* SectionViewController+View.swift */ = {isa = PBXFileReference; lastKnownFileType = sourcecode.swift; path = "SectionViewController+View.swift"; sourceTree = "<group>"; };
		E9A940582DC4ECA6004501E6 /* Color.swift */ = {isa = PBXFileReference; lastKnownFileType = sourcecode.swift; path = Color.swift; sourceTree = "<group>"; };
		E9A940592DC4ECA6004501E6 /* String.swift */ = {isa = PBXFileReference; lastKnownFileType = sourcecode.swift; path = String.swift; sourceTree = "<group>"; };
		E9A9405B2DC4ECA6004501E6 /* AppDelegate.swift */ = {isa = PBXFileReference; lastKnownFileType = sourcecode.swift; path = AppDelegate.swift; sourceTree = "<group>"; };
		E9A9405C2DC4ECA6004501E6 /* Assets.xcassets */ = {isa = PBXFileReference; lastKnownFileType = folder.assetcatalog; path = Assets.xcassets; sourceTree = "<group>"; };
		E9A9405D2DC4ECA6004501E6 /* CoreTextTableView.swift */ = {isa = PBXFileReference; lastKnownFileType = sourcecode.swift; path = CoreTextTableView.swift; sourceTree = "<group>"; };
		E9A9405E2DC4ECA6004501E6 /* Info.plist */ = {isa = PBXFileReference; lastKnownFileType = text.plist.xml; path = Info.plist; sourceTree = "<group>"; };
		E9A9405F2DC4ECA6004501E6 /* Base */ = {isa = PBXFileReference; lastKnownFileType = file.storyboard; name = Base; path = Base.lproj/LaunchScreen.storyboard; sourceTree = "<group>"; };
		E9A940612DC4ECA6004501E6 /* Base */ = {isa = PBXFileReference; lastKnownFileType = file.storyboard; name = Base; path = Base.lproj/Main.storyboard; sourceTree = "<group>"; };
		E9A940632DC4ECA6004501E6 /* MarkdownContentView.swift */ = {isa = PBXFileReference; lastKnownFileType = sourcecode.swift; path = MarkdownContentView.swift; sourceTree = "<group>"; };
		E9A940642DC4ECA6004501E6 /* MarkdownParser+AttributedString.swift */ = {isa = PBXFileReference; lastKnownFileType = sourcecode.swift; path = "MarkdownParser+AttributedString.swift"; sourceTree = "<group>"; };
		E9A940652DC4ECA6004501E6 /* MarkdownParser+BlockContent.swift */ = {isa = PBXFileReference; lastKnownFileType = sourcecode.swift; path = "MarkdownParser+BlockContent.swift"; sourceTree = "<group>"; };
		E9A940662DC4ECA6004501E6 /* MarkdownParser+BlockRenderer.swift */ = {isa = PBXFileReference; lastKnownFileType = sourcecode.swift; path = "MarkdownParser+BlockRenderer.swift"; sourceTree = "<group>"; };
		E9A940672DC4ECA6004501E6 /* MarkdownParser+Font.swift */ = {isa = PBXFileReference; lastKnownFileType = sourcecode.swift; path = "MarkdownParser+Font.swift"; sourceTree = "<group>"; };
		E9A940682DC4ECA6004501E6 /* MarkdownParser+ImageAttachment.swift */ = {isa = PBXFileReference; lastKnownFileType = sourcecode.swift; path = "MarkdownParser+ImageAttachment.swift"; sourceTree = "<group>"; };
		E9A940692DC4ECA6004501E6 /* MarkdownParser+PresentationIntent.swift */ = {isa = PBXFileReference; lastKnownFileType = sourcecode.swift; path = "MarkdownParser+PresentationIntent.swift"; sourceTree = "<group>"; };
		E9A9406A2DC4ECA6004501E6 /* MarkdownParser+Statics.swift */ = {isa = PBXFileReference; lastKnownFileType = sourcecode.swift; path = "MarkdownParser+Statics.swift"; sourceTree = "<group>"; };
		E9A9406B2DC4ECA6004501E6 /* MarkdownScrollView.swift */ = {isa = PBXFileReference; lastKnownFileType = sourcecode.swift; path = MarkdownScrollView.swift; sourceTree = "<group>"; };
		E9A9406D2DC4ECA6004501E6 /* MarkdownParser+NSAttributedString.swift */ = {isa = PBXFileReference; lastKnownFileType = sourcecode.swift; path = "MarkdownParser+NSAttributedString.swift"; sourceTree = "<group>"; };
		E9A9406E2DC4ECA6004501E6 /* SceneDelegate.swift */ = {isa = PBXFileReference; lastKnownFileType = sourcecode.swift; path = SceneDelegate.swift; sourceTree = "<group>"; };
		E9A9406F2DC4ECA6004501E6 /* MarkdownViewController.swift */ = {isa = PBXFileReference; lastKnownFileType = sourcecode.swift; path = MarkdownViewController.swift; sourceTree = "<group>"; };
		E9A940872DC4EE4D004501E6 /* MarkdownParser.swift */ = {isa = PBXFileReference; lastKnownFileType = sourcecode.swift; path = MarkdownParser.swift; sourceTree = "<group>"; };
/* End PBXFileReference section */

/* Begin PBXFileSystemSynchronizedRootGroup section */
		E949007A2DCB7ECA00DD7880 /* HyphenTests */ = {
			isa = PBXFileSystemSynchronizedRootGroup;
			path = HyphenTests;
			sourceTree = "<group>";
		};
/* End PBXFileSystemSynchronizedRootGroup section */

/* Begin PBXFrameworksBuildPhase section */
		E928C38E2DBA315C006D071D /* Frameworks */ = {
			isa = PBXFrameworksBuildPhase;
			buildActionMask = 2147483647;
			files = (
				E903956D2EE04037001E660F /* UsefulExtensions in Frameworks */,
				E90395542EDF9826001E660F /* SwiftParser in Frameworks */,
				E90395562EDF9826001E660F /* SwiftSyntax in Frameworks */,
				E903956B2EE04026001E660F /* CommonCollection in Frameworks */,
			);
			runOnlyForDeploymentPostprocessing = 0;
		};
		E94900762DCB7ECA00DD7880 /* Frameworks */ = {
			isa = PBXFrameworksBuildPhase;
			buildActionMask = 2147483647;
			files = (
			);
			runOnlyForDeploymentPostprocessing = 0;
		};
/* End PBXFrameworksBuildPhase section */

/* Begin PBXGroup section */
		E928C3882DBA315C006D071D = {
			isa = PBXGroup;
			children = (
				E9A940702DC4ECA6004501E6 /* CoreTextTableExample */,
				E949007A2DCB7ECA00DD7880 /* HyphenTests */,
				E94900AD2DCE5DAB00DD7880 /* Frameworks */,
				E928C3922DBA315C006D071D /* Products */,
			);
			sourceTree = "<group>";
		};
		E928C3922DBA315C006D071D /* Products */ = {
			isa = PBXGroup;
			children = (
				E928C3912DBA315C006D071D /* CoreTextTableExample.app */,
				E94900792DCB7ECA00DD7880 /* HyphenTests.xctest */,
			);
			name = Products;
			sourceTree = "<group>";
		};
		E949008A2DCCB36600DD7880 /* ViewController */ = {
			isa = PBXGroup;
			children = (
				E949008B2DCCB49B00DD7880 /* CommonSplitViewController.swift */,
				E949008D2DCCBAAC00DD7880 /* EditViewController.swift */,
				E9A9406F2DC4ECA6004501E6 /* MarkdownViewController.swift */,
				E9A9406B2DC4ECA6004501E6 /* MarkdownScrollView.swift */,
				E9A940632DC4ECA6004501E6 /* MarkdownContentView.swift */,
			);
			path = ViewController;
			sourceTree = "<group>";
		};
		E949009C2DCE5A8800DD7880 /* DataModel */ = {
			isa = PBXGroup;
			children = (
				E94900B02DCE5E0400DD7880 /* Settings+PropertyReminder.swift */,
				E92C9B132DDF1FD800750AB4 /* SettingsController.swift */,
				E94900B22DCE62BB00DD7880 /* CoreTextTableExample.xcdatamodeld */,
			);
			path = DataModel;
			sourceTree = "<group>";
		};
		E94900A32DCE5B7E00DD7880 /* DetailViewController */ = {
			isa = PBXGroup;
			children = (
				E94900A42DCE5C0E00DD7880 /* SettingViewController.swift */,
				E952F0872DE0FA7A00F097EF /* SectionViewController+View.swift */,
				E93B3BAA2DE246A9007436C5 /* SettingViewController+BlockQuote.swift */,
				E94900A52DCE5C0E00DD7880 /* SettingViewController+Action.swift */,
				E94900A62DCE5C0E00DD7880 /* SettingViewController+Content.swift */,
				E92C9B152DDF4B4C00750AB4 /* SettingViewController+PDF.swift */,
				E94900A72DCE5C0E00DD7880 /* SettingViewController+DataSource.swift */,
			);
			path = DetailViewController;
			sourceTree = "<group>";
		};
		E94900AD2DCE5DAB00DD7880 /* Frameworks */ = {
			isa = PBXGroup;
			children = (
			);
			name = Frameworks;
			sourceTree = "<group>";
		};
		E9A9405A2DC4ECA6004501E6 /* Extensions */ = {
			isa = PBXGroup;
			children = (
				E94900882DCB99F000DD7880 /* NSTextTab.swift */,
				E9A940582DC4ECA6004501E6 /* Color.swift */,
				E9A940592DC4ECA6004501E6 /* String.swift */,
			);
			path = Extensions;
			sourceTree = "<group>";
		};
		E9A940702DC4ECA6004501E6 /* CoreTextTableExample */ = {
			isa = PBXGroup;
			children = (
				E949009C2DCE5A8800DD7880 /* DataModel */,
				E9A9405A2DC4ECA6004501E6 /* Extensions */,
				E9A940862DC4ECB8004501E6 /* MarkdownParser */,
				E94900A32DCE5B7E00DD7880 /* DetailViewController */,
				E949008A2DCCB36600DD7880 /* ViewController */,
				E9A9406E2DC4ECA6004501E6 /* SceneDelegate.swift */,
				E9A9405B2DC4ECA6004501E6 /* AppDelegate.swift */,
				E9A9405D2DC4ECA6004501E6 /* CoreTextTableView.swift */,
				E9A9405E2DC4ECA6004501E6 /* Info.plist */,
				E90395472EDDE8BC001E660F /* IdentifierPalette.json */,
				E9A9405C2DC4ECA6004501E6 /* Assets.xcassets */,
				E9A940602DC4ECA6004501E6 /* LaunchScreen.storyboard */,
				E9A940622DC4ECA6004501E6 /* Main.storyboard */,
			);
			path = CoreTextTableExample;
			sourceTree = "<group>";
		};
		E9A940862DC4ECB8004501E6 /* MarkdownParser */ = {
			isa = PBXGroup;
			children = (
				E9A940872DC4EE4D004501E6 /* MarkdownParser.swift */,
				E9A9406A2DC4ECA6004501E6 /* MarkdownParser+Statics.swift */,
				E9A940642DC4ECA6004501E6 /* MarkdownParser+AttributedString.swift */,
				E9A940652DC4ECA6004501E6 /* MarkdownParser+BlockContent.swift */,
				E9A940662DC4ECA6004501E6 /* MarkdownParser+BlockRenderer.swift */,
				E90395452EDDE3B9001E660F /* MarkdownParser+Highlight.swift */,
				E949006D2DCA0ABE00DD7880 /* Markdown+Hyphenation.swift */,
				E9A940672DC4ECA6004501E6 /* MarkdownParser+Font.swift */,
				E9A940682DC4ECA6004501E6 /* MarkdownParser+ImageAttachment.swift */,
				E9A940692DC4ECA6004501E6 /* MarkdownParser+PresentationIntent.swift */,
				E9A9406D2DC4ECA6004501E6 /* MarkdownParser+NSAttributedString.swift */,
			);
			path = MarkdownParser;
			sourceTree = "<group>";
		};
/* End PBXGroup section */

/* Begin PBXNativeTarget section */
		E928C3902DBA315C006D071D /* CoreTextTableExample */ = {
			isa = PBXNativeTarget;
			buildConfigurationList = E928C3A42DBA315E006D071D /* Build configuration list for PBXNativeTarget "CoreTextTableExample" */;
			buildPhases = (
				E928C38D2DBA315C006D071D /* Sources */,
				E928C38E2DBA315C006D071D /* Frameworks */,
				E928C38F2DBA315C006D071D /* Resources */,
			);
			buildRules = (
			);
			dependencies = (
				E903955D2EDF9994001E660F /* PBXTargetDependency */,
				E903955A2EDF9962001E660F /* PBXTargetDependency */,
				E90395582EDF995C001E660F /* PBXTargetDependency */,
				E903954C2EDF967E001E660F /* PBXTargetDependency */,
			);
			name = CoreTextTableExample;
			packageProductDependencies = (
				E90395532EDF9826001E660F /* SwiftParser */,
				E90395552EDF9826001E660F /* SwiftSyntax */,
				E903956A2EE04026001E660F /* CommonCollection */,
				E903956C2EE04037001E660F /* UsefulExtensions */,
			);
			productName = CoreTextTableExample;
			productReference = E928C3912DBA315C006D071D /* CoreTextTableExample.app */;
			productType = "com.apple.product-type.application";
		};
		E94900782DCB7ECA00DD7880 /* HyphenTests */ = {
			isa = PBXNativeTarget;
			buildConfigurationList = E949007F2DCB7ECA00DD7880 /* Build configuration list for PBXNativeTarget "HyphenTests" */;
			buildPhases = (
				E94900752DCB7ECA00DD7880 /* Sources */,
				E94900762DCB7ECA00DD7880 /* Frameworks */,
				E94900772DCB7ECA00DD7880 /* Resources */,
			);
			buildRules = (
			);
			dependencies = (
				E949007E2DCB7ECA00DD7880 /* PBXTargetDependency */,
			);
			fileSystemSynchronizedGroups = (
				E949007A2DCB7ECA00DD7880 /* HyphenTests */,
			);
			name = HyphenTests;
			packageProductDependencies = (
			);
			productName = HyphenTests;
			productReference = E94900792DCB7ECA00DD7880 /* HyphenTests.xctest */;
			productType = "com.apple.product-type.bundle.unit-test";
		};
/* End PBXNativeTarget section */

/* Begin PBXProject section */
		E928C3892DBA315C006D071D /* Project object */ = {
			isa = PBXProject;
			attributes = {
				BuildIndependentTargetsInParallel = 1;
				LastSwiftUpdateCheck = 1630;
				LastUpgradeCheck = 1630;
				TargetAttributes = {
					E928C3902DBA315C006D071D = {
						CreatedOnToolsVersion = 16.3;
					};
					E94900782DCB7ECA00DD7880 = {
						CreatedOnToolsVersion = 16.3;
						TestTargetID = E928C3902DBA315C006D071D;
					};
				};
			};
			buildConfigurationList = E928C38C2DBA315C006D071D /* Build configuration list for PBXProject "CoreTextTableExample" */;
			developmentRegion = de;
			hasScannedForEncodings = 0;
			knownRegions = (
				Base,
				de,
			);
			mainGroup = E928C3882DBA315C006D071D;
			minimizedProjectReferenceProxies = 1;
			packageReferences = (
				E903954A2EDF9611001E660F /* XCRemoteSwiftPackageReference "CommonCollection" */,
				E90395522EDF9826001E660F /* XCRemoteSwiftPackageReference "swift-syntax" */,
				E903955B2EDF9987001E660F /* XCRemoteSwiftPackageReference "UsefulExtensions" */,
			);
			preferredProjectObjectVersion = 77;
			productRefGroup = E928C3922DBA315C006D071D /* Products */;
			projectDirPath = "";
			projectRoot = "";
			targets = (
				E928C3902DBA315C006D071D /* CoreTextTableExample */,
				E94900782DCB7ECA00DD7880 /* HyphenTests */,
			);
		};
/* End PBXProject section */

/* Begin PBXResourcesBuildPhase section */
		E928C38F2DBA315C006D071D /* Resources */ = {
			isa = PBXResourcesBuildPhase;
			buildActionMask = 2147483647;
			files = (
				E90395482EDDE8BC001E660F /* IdentifierPalette.json in Resources */,
				E9A940712DC4ECA6004501E6 /* Assets.xcassets in Resources */,
				E9A940732DC4ECA6004501E6 /* LaunchScreen.storyboard in Resources */,
				E9A940742DC4ECA6004501E6 /* Main.storyboard in Resources */,
			);
			runOnlyForDeploymentPostprocessing = 0;
		};
		E94900772DCB7ECA00DD7880 /* Resources */ = {
			isa = PBXResourcesBuildPhase;
			buildActionMask = 2147483647;
			files = (
			);
			runOnlyForDeploymentPostprocessing = 0;
		};
/* End PBXResourcesBuildPhase section */

/* Begin PBXSourcesBuildPhase section */
		E928C38D2DBA315C006D071D /* Sources */ = {
			isa = PBXSourcesBuildPhase;
			buildActionMask = 2147483647;
			files = (
				E9A940752DC4ECA6004501E6 /* Color.swift in Sources */,
				E94900B12DCE5E0400DD7880 /* Settings+PropertyReminder.swift in Sources */,
				E9A940762DC4ECA6004501E6 /* String.swift in Sources */,
				E9A940772DC4ECA6004501E6 /* AppDelegate.swift in Sources */,
				E9A940782DC4ECA6004501E6 /* CoreTextTableView.swift in Sources */,
				E9A940792DC4ECA6004501E6 /* MarkdownContentView.swift in Sources */,
				E9A940882DC4EE4D004501E6 /* MarkdownParser.swift in Sources */,
				E9A9407A2DC4ECA6004501E6 /* MarkdownParser+AttributedString.swift in Sources */,
				E9A9407B2DC4ECA6004501E6 /* MarkdownParser+BlockContent.swift in Sources */,
				E9A9407C2DC4ECA6004501E6 /* MarkdownParser+BlockRenderer.swift in Sources */,
				E9A9407D2DC4ECA6004501E6 /* MarkdownParser+Font.swift in Sources */,
				E9A9407E2DC4ECA6004501E6 /* MarkdownParser+ImageAttachment.swift in Sources */,
				E94900892DCB99F600DD7880 /* NSTextTab.swift in Sources */,
				E9A9407F2DC4ECA6004501E6 /* MarkdownParser+PresentationIntent.swift in Sources */,
				E94900A82DCE5C0E00DD7880 /* SettingViewController+Action.swift in Sources */,
				E90395462EDDE3B9001E660F /* MarkdownParser+Highlight.swift in Sources */,
				E94900B42DCE62BB00DD7880 /* CoreTextTableExample.xcdatamodeld in Sources */,
				E93B3BAB2DE246A9007436C5 /* SettingViewController+BlockQuote.swift in Sources */,
				E94900A92DCE5C0E00DD7880 /* SettingViewController+DataSource.swift in Sources */,
				E94900AA2DCE5C0E00DD7880 /* SettingViewController.swift in Sources */,
				E94900AB2DCE5C0E00DD7880 /* SettingViewController+Content.swift in Sources */,
				E9A940802DC4ECA6004501E6 /* MarkdownParser+Statics.swift in Sources */,
				E952F0882DE0FA7A00F097EF /* SectionViewController+View.swift in Sources */,
				E9A940812DC4ECA6004501E6 /* MarkdownScrollView.swift in Sources */,
				E9A940832DC4ECA6004501E6 /* MarkdownParser+NSAttributedString.swift in Sources */,
				E9A940842DC4ECA6004501E6 /* SceneDelegate.swift in Sources */,
				E949006E2DCA0ABE00DD7880 /* Markdown+Hyphenation.swift in Sources */,
				E92C9B142DDF1FD800750AB4 /* SettingsController.swift in Sources */,
				E949008C2DCCB49B00DD7880 /* CommonSplitViewController.swift in Sources */,
				E9A940852DC4ECA6004501E6 /* MarkdownViewController.swift in Sources */,
				E949008E2DCCBAAC00DD7880 /* EditViewController.swift in Sources */,
				E92C9B162DDF4B4C00750AB4 /* SettingViewController+PDF.swift in Sources */,
			);
			runOnlyForDeploymentPostprocessing = 0;
		};
		E94900752DCB7ECA00DD7880 /* Sources */ = {
			isa = PBXSourcesBuildPhase;
			buildActionMask = 2147483647;
			files = (
			);
			runOnlyForDeploymentPostprocessing = 0;
		};
/* End PBXSourcesBuildPhase section */

/* Begin PBXTargetDependency section */
		E903954C2EDF967E001E660F /* PBXTargetDependency */ = {
			isa = PBXTargetDependency;
			productRef = E903954B2EDF967E001E660F /* CommonCollection */;
		};
		E90395582EDF995C001E660F /* PBXTargetDependency */ = {
			isa = PBXTargetDependency;
			productRef = E90395572EDF995C001E660F /* SwiftSyntax */;
		};
		E903955A2EDF9962001E660F /* PBXTargetDependency */ = {
			isa = PBXTargetDependency;
			productRef = E90395592EDF9962001E660F /* SwiftParser */;
		};
		E903955D2EDF9994001E660F /* PBXTargetDependency */ = {
			isa = PBXTargetDependency;
			productRef = E903955C2EDF9994001E660F /* UsefulExtensions */;
		};
		E949007E2DCB7ECA00DD7880 /* PBXTargetDependency */ = {
			isa = PBXTargetDependency;
			target = E928C3902DBA315C006D071D /* CoreTextTableExample */;
			targetProxy = E949007D2DCB7ECA00DD7880 /* PBXContainerItemProxy */;
		};
/* End PBXTargetDependency section */

/* Begin PBXVariantGroup section */
		E9A940602DC4ECA6004501E6 /* LaunchScreen.storyboard */ = {
			isa = PBXVariantGroup;
			children = (
				E9A9405F2DC4ECA6004501E6 /* Base */,
				E94900B52DCE7D9200DD7880 /* de */,
			);
			name = LaunchScreen.storyboard;
			sourceTree = "<group>";
		};
		E9A940622DC4ECA6004501E6 /* Main.storyboard */ = {
			isa = PBXVariantGroup;
			children = (
				E9A940612DC4ECA6004501E6 /* Base */,
				E94900B62DCE7D9200DD7880 /* de */,
			);
			name = Main.storyboard;
			sourceTree = "<group>";
		};
/* End PBXVariantGroup section */

/* Begin XCBuildConfiguration section */
		E928C3A52DBA315E006D071D /* Debug */ = {
			isa = XCBuildConfiguration;
			buildSettings = {
				ASSETCATALOG_COMPILER_APPICON_NAME = AppIcon;
				ASSETCATALOG_COMPILER_GLOBAL_ACCENT_COLOR_NAME = AccentColor;
				CODE_SIGN_STYLE = Automatic;
				CURRENT_PROJECT_VERSION = 1;
				DEVELOPMENT_TEAM = VWRQ7VEHFS;
				GENERATE_INFOPLIST_FILE = YES;
				INFOPLIST_FILE = CoreTextTableExample/Info.plist;
				INFOPLIST_KEY_UIApplicationSupportsIndirectInputEvents = YES;
				INFOPLIST_KEY_UILaunchStoryboardName = LaunchScreen;
				INFOPLIST_KEY_UIMainStoryboardFile = Main;
				INFOPLIST_KEY_UISupportedInterfaceOrientations_iPad = "UIInterfaceOrientationPortrait UIInterfaceOrientationPortraitUpsideDown UIInterfaceOrientationLandscapeLeft UIInterfaceOrientationLandscapeRight";
				INFOPLIST_KEY_UISupportedInterfaceOrientations_iPhone = "UIInterfaceOrientationPortrait UIInterfaceOrientationLandscapeLeft UIInterfaceOrientationLandscapeRight";
				LD_RUNPATH_SEARCH_PATHS = (
					"$(inherited)",
					"@executable_path/Frameworks",
				);
				MARKETING_VERSION = 1.0;
				PRODUCT_BUNDLE_IDENTIFIER = tw.CoreTextTableExample;
				PRODUCT_NAME = "$(TARGET_NAME)";
				SUPPORTED_PLATFORMS = "iphoneos iphonesimulator";
				SUPPORTS_MACCATALYST = YES;
				SWIFT_EMIT_LOC_STRINGS = YES;
				SWIFT_VERSION = 5.0;
				TARGETED_DEVICE_FAMILY = "1,2";
			};
			name = Debug;
		};
		E928C3A62DBA315E006D071D /* Release */ = {
			isa = XCBuildConfiguration;
			buildSettings = {
				ASSETCATALOG_COMPILER_APPICON_NAME = AppIcon;
				ASSETCATALOG_COMPILER_GLOBAL_ACCENT_COLOR_NAME = AccentColor;
				CODE_SIGN_STYLE = Automatic;
				CURRENT_PROJECT_VERSION = 1;
				DEVELOPMENT_TEAM = VWRQ7VEHFS;
				GENERATE_INFOPLIST_FILE = YES;
				INFOPLIST_FILE = CoreTextTableExample/Info.plist;
				INFOPLIST_KEY_UIApplicationSupportsIndirectInputEvents = YES;
				INFOPLIST_KEY_UILaunchStoryboardName = LaunchScreen;
				INFOPLIST_KEY_UIMainStoryboardFile = Main;
				INFOPLIST_KEY_UISupportedInterfaceOrientations_iPad = "UIInterfaceOrientationPortrait UIInterfaceOrientationPortraitUpsideDown UIInterfaceOrientationLandscapeLeft UIInterfaceOrientationLandscapeRight";
				INFOPLIST_KEY_UISupportedInterfaceOrientations_iPhone = "UIInterfaceOrientationPortrait UIInterfaceOrientationLandscapeLeft UIInterfaceOrientationLandscapeRight";
				LD_RUNPATH_SEARCH_PATHS = (
					"$(inherited)",
					"@executable_path/Frameworks",
				);
				MARKETING_VERSION = 1.0;
				PRODUCT_BUNDLE_IDENTIFIER = tw.CoreTextTableExample;
				PRODUCT_NAME = "$(TARGET_NAME)";
				SUPPORTED_PLATFORMS = "iphoneos iphonesimulator";
				SUPPORTS_MACCATALYST = YES;
				SWIFT_EMIT_LOC_STRINGS = YES;
				SWIFT_VERSION = 5.0;
				TARGETED_DEVICE_FAMILY = "1,2";
			};
			name = Release;
		};
		E928C3A72DBA315E006D071D /* Debug */ = {
			isa = XCBuildConfiguration;
			buildSettings = {
				ALWAYS_SEARCH_USER_PATHS = NO;
				ASSETCATALOG_COMPILER_GENERATE_SWIFT_ASSET_SYMBOL_EXTENSIONS = YES;
				CLANG_ANALYZER_LOCALIZABILITY_NONLOCALIZED = YES;
				CLANG_ANALYZER_NONNULL = YES;
				CLANG_ANALYZER_NUMBER_OBJECT_CONVERSION = YES_AGGRESSIVE;
				CLANG_CXX_LANGUAGE_STANDARD = "gnu++20";
				CLANG_ENABLE_MODULES = YES;
				CLANG_ENABLE_OBJC_ARC = YES;
				CLANG_ENABLE_OBJC_WEAK = YES;
				CLANG_WARN_BLOCK_CAPTURE_AUTORELEASING = YES;
				CLANG_WARN_BOOL_CONVERSION = YES;
				CLANG_WARN_COMMA = YES;
				CLANG_WARN_CONSTANT_CONVERSION = YES;
				CLANG_WARN_DEPRECATED_OBJC_IMPLEMENTATIONS = YES;
				CLANG_WARN_DIRECT_OBJC_ISA_USAGE = YES_ERROR;
				CLANG_WARN_DOCUMENTATION_COMMENTS = YES;
				CLANG_WARN_EMPTY_BODY = YES;
				CLANG_WARN_ENUM_CONVERSION = YES;
				CLANG_WARN_INFINITE_RECURSION = YES;
				CLANG_WARN_INT_CONVERSION = YES;
				CLANG_WARN_NON_LITERAL_NULL_CONVERSION = YES;
				CLANG_WARN_OBJC_IMPLICIT_RETAIN_SELF = YES;
				CLANG_WARN_OBJC_LITERAL_CONVERSION = YES;
				CLANG_WARN_OBJC_ROOT_CLASS = YES_ERROR;
				CLANG_WARN_QUOTED_INCLUDE_IN_FRAMEWORK_HEADER = YES;
				CLANG_WARN_RANGE_LOOP_ANALYSIS = YES;
				CLANG_WARN_STRICT_PROTOTYPES = YES;
				CLANG_WARN_SUSPICIOUS_MOVE = YES;
				CLANG_WARN_UNGUARDED_AVAILABILITY = YES_AGGRESSIVE;
				CLANG_WARN_UNREACHABLE_CODE = YES;
				CLANG_WARN__DUPLICATE_METHOD_MATCH = YES;
				COPY_PHASE_STRIP = NO;
				DEBUG_INFORMATION_FORMAT = dwarf;
				DEVELOPMENT_TEAM = VWRQ7VEHFS;
				ENABLE_STRICT_OBJC_MSGSEND = YES;
				ENABLE_TESTABILITY = YES;
				ENABLE_USER_SCRIPT_SANDBOXING = YES;
				GCC_C_LANGUAGE_STANDARD = gnu17;
				GCC_DYNAMIC_NO_PIC = NO;
				GCC_NO_COMMON_BLOCKS = YES;
				GCC_OPTIMIZATION_LEVEL = 0;
				GCC_PREPROCESSOR_DEFINITIONS = (
					"DEBUG=1",
					"$(inherited)",
				);
				GCC_WARN_64_TO_32_BIT_CONVERSION = YES;
				GCC_WARN_ABOUT_RETURN_TYPE = YES_ERROR;
				GCC_WARN_UNDECLARED_SELECTOR = YES;
				GCC_WARN_UNINITIALIZED_AUTOS = YES_AGGRESSIVE;
				GCC_WARN_UNUSED_FUNCTION = YES;
				GCC_WARN_UNUSED_VARIABLE = YES;
				IPHONEOS_DEPLOYMENT_TARGET = 18.4;
				LOCALIZATION_PREFERS_STRING_CATALOGS = YES;
				MTL_ENABLE_DEBUG_INFO = INCLUDE_SOURCE;
				MTL_FAST_MATH = YES;
				ONLY_ACTIVE_ARCH = YES;
				SDKROOT = iphoneos;
				SWIFT_ACTIVE_COMPILATION_CONDITIONS = "DEBUG $(inherited)";
				SWIFT_OPTIMIZATION_LEVEL = "-Onone";
			};
			name = Debug;
		};
		E928C3A82DBA315E006D071D /* Release */ = {
			isa = XCBuildConfiguration;
			buildSettings = {
				ALWAYS_SEARCH_USER_PATHS = NO;
				ASSETCATALOG_COMPILER_GENERATE_SWIFT_ASSET_SYMBOL_EXTENSIONS = YES;
				CLANG_ANALYZER_LOCALIZABILITY_NONLOCALIZED = YES;
				CLANG_ANALYZER_NONNULL = YES;
				CLANG_ANALYZER_NUMBER_OBJECT_CONVERSION = YES_AGGRESSIVE;
				CLANG_CXX_LANGUAGE_STANDARD = "gnu++20";
				CLANG_ENABLE_MODULES = YES;
				CLANG_ENABLE_OBJC_ARC = YES;
				CLANG_ENABLE_OBJC_WEAK = YES;
				CLANG_WARN_BLOCK_CAPTURE_AUTORELEASING = YES;
				CLANG_WARN_BOOL_CONVERSION = YES;
				CLANG_WARN_COMMA = YES;
				CLANG_WARN_CONSTANT_CONVERSION = YES;
				CLANG_WARN_DEPRECATED_OBJC_IMPLEMENTATIONS = YES;
				CLANG_WARN_DIRECT_OBJC_ISA_USAGE = YES_ERROR;
				CLANG_WARN_DOCUMENTATION_COMMENTS = YES;
				CLANG_WARN_EMPTY_BODY = YES;
				CLANG_WARN_ENUM_CONVERSION = YES;
				CLANG_WARN_INFINITE_RECURSION = YES;
				CLANG_WARN_INT_CONVERSION = YES;
				CLANG_WARN_NON_LITERAL_NULL_CONVERSION = YES;
				CLANG_WARN_OBJC_IMPLICIT_RETAIN_SELF = YES;
				CLANG_WARN_OBJC_LITERAL_CONVERSION = YES;
				CLANG_WARN_OBJC_ROOT_CLASS = YES_ERROR;
				CLANG_WARN_QUOTED_INCLUDE_IN_FRAMEWORK_HEADER = YES;
				CLANG_WARN_RANGE_LOOP_ANALYSIS = YES;
				CLANG_WARN_STRICT_PROTOTYPES = YES;
				CLANG_WARN_SUSPICIOUS_MOVE = YES;
				CLANG_WARN_UNGUARDED_AVAILABILITY = YES_AGGRESSIVE;
				CLANG_WARN_UNREACHABLE_CODE = YES;
				CLANG_WARN__DUPLICATE_METHOD_MATCH = YES;
				COPY_PHASE_STRIP = NO;
				DEBUG_INFORMATION_FORMAT = "dwarf-with-dsym";
				DEVELOPMENT_TEAM = VWRQ7VEHFS;
				ENABLE_NS_ASSERTIONS = NO;
				ENABLE_STRICT_OBJC_MSGSEND = YES;
				ENABLE_USER_SCRIPT_SANDBOXING = YES;
				GCC_C_LANGUAGE_STANDARD = gnu17;
				GCC_NO_COMMON_BLOCKS = YES;
				GCC_WARN_64_TO_32_BIT_CONVERSION = YES;
				GCC_WARN_ABOUT_RETURN_TYPE = YES_ERROR;
				GCC_WARN_UNDECLARED_SELECTOR = YES;
				GCC_WARN_UNINITIALIZED_AUTOS = YES_AGGRESSIVE;
				GCC_WARN_UNUSED_FUNCTION = YES;
				GCC_WARN_UNUSED_VARIABLE = YES;
				IPHONEOS_DEPLOYMENT_TARGET = 18.4;
				LOCALIZATION_PREFERS_STRING_CATALOGS = YES;
				MTL_ENABLE_DEBUG_INFO = NO;
				MTL_FAST_MATH = YES;
				SDKROOT = iphoneos;
				SWIFT_COMPILATION_MODE = wholemodule;
				VALIDATE_PRODUCT = YES;
			};
			name = Release;
		};
		E94900802DCB7ECA00DD7880 /* Debug */ = {
			isa = XCBuildConfiguration;
			buildSettings = {
				BUNDLE_LOADER = "$(TEST_HOST)";
				CODE_SIGN_STYLE = Automatic;
				CURRENT_PROJECT_VERSION = 1;
				DEVELOPMENT_TEAM = VWRQ7VEHFS;
				GENERATE_INFOPLIST_FILE = YES;
				MARKETING_VERSION = 1.0;
				PRODUCT_BUNDLE_IDENTIFIER = tw.HyphenTests;
				PRODUCT_NAME = "$(TARGET_NAME)";
				SWIFT_EMIT_LOC_STRINGS = NO;
				SWIFT_VERSION = 5.0;
				TARGETED_DEVICE_FAMILY = "1,2";
				TEST_HOST = "$(BUILT_PRODUCTS_DIR)/CoreTextTableExample.app/$(BUNDLE_EXECUTABLE_FOLDER_PATH)/CoreTextTableExample";
			};
			name = Debug;
		};
		E94900812DCB7ECA00DD7880 /* Release */ = {
			isa = XCBuildConfiguration;
			buildSettings = {
				BUNDLE_LOADER = "$(TEST_HOST)";
				CODE_SIGN_STYLE = Automatic;
				CURRENT_PROJECT_VERSION = 1;
				DEVELOPMENT_TEAM = VWRQ7VEHFS;
				GENERATE_INFOPLIST_FILE = YES;
				MARKETING_VERSION = 1.0;
				PRODUCT_BUNDLE_IDENTIFIER = tw.HyphenTests;
				PRODUCT_NAME = "$(TARGET_NAME)";
				SWIFT_EMIT_LOC_STRINGS = NO;
				SWIFT_VERSION = 5.0;
				TARGETED_DEVICE_FAMILY = "1,2";
				TEST_HOST = "$(BUILT_PRODUCTS_DIR)/CoreTextTableExample.app/$(BUNDLE_EXECUTABLE_FOLDER_PATH)/CoreTextTableExample";
			};
			name = Release;
		};
/* End XCBuildConfiguration section */

/* Begin XCConfigurationList section */
		E928C38C2DBA315C006D071D /* Build configuration list for PBXProject "CoreTextTableExample" */ = {
			isa = XCConfigurationList;
			buildConfigurations = (
				E928C3A72DBA315E006D071D /* Debug */,
				E928C3A82DBA315E006D071D /* Release */,
			);
			defaultConfigurationIsVisible = 0;
			defaultConfigurationName = Release;
		};
		E928C3A42DBA315E006D071D /* Build configuration list for PBXNativeTarget "CoreTextTableExample" */ = {
			isa = XCConfigurationList;
			buildConfigurations = (
				E928C3A52DBA315E006D071D /* Debug */,
				E928C3A62DBA315E006D071D /* Release */,
			);
			defaultConfigurationIsVisible = 0;
			defaultConfigurationName = Release;
		};
		E949007F2DCB7ECA00DD7880 /* Build configuration list for PBXNativeTarget "HyphenTests" */ = {
			isa = XCConfigurationList;
			buildConfigurations = (
				E94900802DCB7ECA00DD7880 /* Debug */,
				E94900812DCB7ECA00DD7880 /* Release */,
			);
			defaultConfigurationIsVisible = 0;
			defaultConfigurationName = Release;
		};
/* End XCConfigurationList section */

/* Begin XCRemoteSwiftPackageReference section */
		E903954A2EDF9611001E660F /* XCRemoteSwiftPackageReference "CommonCollection" */ = {
			isa = XCRemoteSwiftPackageReference;
			repositoryURL = "https://github.com/Thomas1956/CommonCollection";
			requirement = {
				kind = upToNextMajorVersion;
				minimumVersion = 5.2.0;
			};
		};
		E90395522EDF9826001E660F /* XCRemoteSwiftPackageReference "swift-syntax" */ = {
			isa = XCRemoteSwiftPackageReference;
			repositoryURL = "https://github.com/swiftlang/swift-syntax.git";
			requirement = {
				kind = upToNextMajorVersion;
				minimumVersion = 602.0.0;
			};
		};
		E903955B2EDF9987001E660F /* XCRemoteSwiftPackageReference "UsefulExtensions" */ = {
			isa = XCRemoteSwiftPackageReference;
			repositoryURL = "https://github.com/Thomas1956/UsefulExtensions";
			requirement = {
				kind = upToNextMajorVersion;
				minimumVersion = 2.0.1;
			};
		};
/* End XCRemoteSwiftPackageReference section */

/* Begin XCSwiftPackageProductDependency section */
		E903954B2EDF967E001E660F /* CommonCollection */ = {
			isa = XCSwiftPackageProductDependency;
			package = E903954A2EDF9611001E660F /* XCRemoteSwiftPackageReference "CommonCollection" */;
			productName = CommonCollection;
		};
		E90395532EDF9826001E660F /* SwiftParser */ = {
			isa = XCSwiftPackageProductDependency;
			package = E90395522EDF9826001E660F /* XCRemoteSwiftPackageReference "swift-syntax" */;
			productName = SwiftParser;
		};
		E90395552EDF9826001E660F /* SwiftSyntax */ = {
			isa = XCSwiftPackageProductDependency;
			package = E90395522EDF9826001E660F /* XCRemoteSwiftPackageReference "swift-syntax" */;
			productName = SwiftSyntax;
		};
		E90395572EDF995C001E660F /* SwiftSyntax */ = {
			isa = XCSwiftPackageProductDependency;
			package = E90395522EDF9826001E660F /* XCRemoteSwiftPackageReference "swift-syntax" */;
			productName = SwiftSyntax;
		};
		E90395592EDF9962001E660F /* SwiftParser */ = {
			isa = XCSwiftPackageProductDependency;
			package = E90395522EDF9826001E660F /* XCRemoteSwiftPackageReference "swift-syntax" */;
			productName = SwiftParser;
		};
		E903955C2EDF9994001E660F /* UsefulExtensions */ = {
			isa = XCSwiftPackageProductDependency;
			package = E903955B2EDF9987001E660F /* XCRemoteSwiftPackageReference "UsefulExtensions" */;
			productName = UsefulExtensions;
		};
		E903956A2EE04026001E660F /* CommonCollection */ = {
			isa = XCSwiftPackageProductDependency;
			package = E903954A2EDF9611001E660F /* XCRemoteSwiftPackageReference "CommonCollection" */;
			productName = CommonCollection;
		};
		E903956C2EE04037001E660F /* UsefulExtensions */ = {
			isa = XCSwiftPackageProductDependency;
			package = E903955B2EDF9987001E660F /* XCRemoteSwiftPackageReference "UsefulExtensions" */;
			productName = UsefulExtensions;
		};
/* End XCSwiftPackageProductDependency section */

/* Begin XCVersionGroup section */
		E94900B22DCE62BB00DD7880 /* CoreTextTableExample.xcdatamodeld */ = {
			isa = XCVersionGroup;
			children = (
				E94900B32DCE62BB00DD7880 /* CoreTextTableExample.xcdatamodel */,
			);
			currentVersion = E94900B32DCE62BB00DD7880 /* CoreTextTableExample.xcdatamodel */;
			path = CoreTextTableExample.xcdatamodeld;
			sourceTree = "<group>";
			versionGroupType = wrapper.xcdatamodel;
		};
/* End XCVersionGroup section */
	};
	rootObject = E928C3892DBA315C006D071D /* Project object */;
}
